
Microsoft Visual Studio Solution File, Format Version 12.00
# Visual Studio Version 17
VisualStudioVersion = 17.0.32112.339
MinimumVisualStudioVersion = 10.0.40219.1
Project("{FAE04EC0-301F-11D3-BF4B-00C04F79EFBC}") = "WhoGivesMore.Api", "WhoGivesMore.Api\WhoGivesMore.Api.csproj", "{414F6384-15A0-4889-AD50-650EDFC3ECDC}"
EndProject
Global
	GlobalSection(SolutionConfigurationPlatforms) = preSolution
		Debug|Any CPU = Debug|Any CPU
		Release|Any CPU = Release|Any CPU
	EndGlobalSection
	GlobalSection(ProjectConfigurationPlatforms) = postSolution
		{414F6384-15A0-4889-AD50-650EDFC3ECDC}.Debug|Any CPU.ActiveCfg = Debug|Any CPU
		{414F6384-15A0-4889-AD50-650EDFC3ECDC}.Debug|Any CPU.Build.0 = Debug|Any CPU
		{414F6384-15A0-4889-AD50-650EDFC3ECDC}.Release|Any CPU.ActiveCfg = Release|Any CPU
		{414F6384-15A0-4889-AD50-650EDFC3ECDC}.Release|Any CPU.Build.0 = Release|Any CPU
	EndGlobalSection
	GlobalSection(SolutionProperties) = preSolution
		HideSolutionNode = FALSE
	EndGlobalSection
	GlobalSection(ExtensibilityGlobals) = postSolution
		SolutionGuid = {B259966C-A8ED-4C7C-B558-92FB4FA5E509}
	EndGlobalSection
EndGlobal
